// !$*UTF8*$!
{
	archiveVersion = 1;
	classes = {
	};
	objectVersion = 56;
	objects = {

/* Begin PBXBuildFile section */
		D1B7F7802ACA9D3500FC913C /* AppDelegate.swift in Sources */ = {isa = PBXBuildFile; fileRef = D1B7F77F2ACA9D3500FC913C /* AppDelegate.swift */; };
		D1B7F7842ACA9D3500FC913C /* ViewController.swift in Sources */ = {isa = PBXBuildFile; fileRef = D1B7F7832ACA9D3500FC913C /* ViewController.swift */; };
		D1B7F7892ACA9D3600FC913C /* Assets.xcassets in Resources */ = {isa = PBXBuildFile; fileRef = D1B7F7882ACA9D3600FC913C /* Assets.xcassets */; };
		D1B7F78C2ACA9D3600FC913C /* LaunchScreen.storyboard in Resources */ = {isa = PBXBuildFile; fileRef = D1B7F78A2ACA9D3600FC913C /* LaunchScreen.storyboard */; };
		D1B7F7952ACAA13400FC913C /* SnapKit in Frameworks */ = {isa = PBXBuildFile; productRef = D1B7F7942ACAA13400FC913C /* SnapKit */; };
		D1B7F7972ACAA13400FC913C /* SnapKit-Dynamic in Frameworks */ = {isa = PBXBuildFile; productRef = D1B7F7962ACAA13400FC913C /* SnapKit-Dynamic */; };
/* End PBXBuildFile section */

/* Begin PBXFileReference section */
		D1B7F77C2ACA9D3500FC913C /* UIButtonsAndSix-Shooters.app */ = {isa = PBXFileReference; explicitFileType = wrapper.application; includeInIndex = 0; path = "UIButtonsAndSix-Shooters.app"; sourceTree = BUILT_PRODUCTS_DIR; };
		D1B7F77F2ACA9D3500FC913C /* AppDelegate.swift */ = {isa = PBXFileReference; lastKnownFileType = sourcecode.swift; path = AppDelegate.swift; sourceTree = "<group>"; };
		D1B7F7832ACA9D3500FC913C /* ViewController.swift */ = {isa = PBXFileReference; lastKnownFileType = sourcecode.swift; path = ViewController.swift; sourceTree = "<group>"; };
		D1B7F7882ACA9D3600FC913C /* Assets.xcassets */ = {isa = PBXFileReference; lastKnownFileType = folder.assetcatalog; path = Assets.xcassets; sourceTree = "<group>"; };
		D1B7F78B2ACA9D3600FC913C /* Base */ = {isa = PBXFileReference; lastKnownFileType = file.storyboard; name = Base; path = Base.lproj/LaunchScreen.storyboard; sourceTree = "<group>"; };
		D1B7F78D2ACA9D3600FC913C /* Info.plist */ = {isa = PBXFileReference; lastKnownFileType = text.plist.xml; path = Info.plist; sourceTree = "<group>"; };
/* End PBXFileReference section */

/* Begin PBXFrameworksBuildPhase section */
		D1B7F7792ACA9D3500FC913C /* Frameworks */ = {
			isa = PBXFrameworksBuildPhase;
			buildActionMask = 2147483647;
			files = (
				D1B7F7952ACAA13400FC913C /* SnapKit in Frameworks */,
				D1B7F7972ACAA13400FC913C /* SnapKit-Dynamic in Frameworks */,
			);
			runOnlyForDeploymentPostprocessing = 0;
		};
/* End PBXFrameworksBuildPhase section */

/* Begin PBXGroup section */
		D1B7F7732ACA9D3500FC913C = {
			isa = PBXGroup;
			children = (
				D1B7F77E2ACA9D3500FC913C /* UIButtonsAndSix-Shooters */,
				D1B7F77D2ACA9D3500FC913C /* Products */,
			);
			sourceTree = "<group>";
		};
		D1B7F77D2ACA9D3500FC913C /* Products */ = {
			isa = PBXGroup;
			children = (
				D1B7F77C2ACA9D3500FC913C /* UIButtonsAndSix-Shooters.app */,
			);
			name = Products;
			sourceTree = "<group>";
		};
		D1B7F77E2ACA9D3500FC913C /* UIButtonsAndSix-Shooters */ = {
			isa = PBXGroup;
			children = (
				D1B7F77F2ACA9D3500FC913C /* AppDelegate.swift */,
				D1B7F7832ACA9D3500FC913C /* ViewController.swift */,
				D1B7F7882ACA9D3600FC913C /* Assets.xcassets */,
				D1B7F78A2ACA9D3600FC913C /* LaunchScreen.storyboard */,
				D1B7F78D2ACA9D3600FC913C /* Info.plist */,
			);
			path = "UIButtonsAndSix-Shooters";
			sourceTree = "<group>";
		};
/* End PBXGroup section */

/* Begin PBXNativeTarget section */
		D1B7F77B2ACA9D3500FC913C /* UIButtonsAndSix-Shooters */ = {
			isa = PBXNativeTarget;
			buildConfigurationList = D1B7F7902ACA9D3600FC913C /* Build configuration list for PBXNativeTarget "UIButtonsAndSix-Shooters" */;
			buildPhases = (
				D1B7F7782ACA9D3500FC913C /* Sources */,
				D1B7F7792ACA9D3500FC913C /* Frameworks */,
				D1B7F77A2ACA9D3500FC913C /* Resources */,
			);
			buildRules = (
			);
			dependencies = (
			);
			name = "UIButtonsAndSix-Shooters";
			packageProductDependencies = (
				D1B7F7942ACAA13400FC913C /* SnapKit */,
				D1B7F7962ACAA13400FC913C /* SnapKit-Dynamic */,
			);
			productName = "UIButtonsAndSix-Shooters";
			productReference = D1B7F77C2ACA9D3500FC913C /* UIButtonsAndSix-Shooters.app */;
			productType = "com.apple.product-type.application";
		};
/* End PBXNativeTarget section */

/* Begin PBXProject section */
		D1B7F7742ACA9D3500FC913C /* Project object */ = {
			isa = PBXProject;
			attributes = {
				BuildIndependentTargetsInParallel = 1;
				LastSwiftUpdateCheck = 1500;
				LastUpgradeCheck = 1500;
				TargetAttributes = {
					D1B7F77B2ACA9D3500FC913C = {
						CreatedOnToolsVersion = 15.0;
					};
				};
			};
			buildConfigurationList = D1B7F7772ACA9D3500FC913C /* Build configuration list for PBXProject "UIButtonsAndSix-Shooters" */;
			compatibilityVersion = "Xcode 14.0";
			developmentRegion = en;
			hasScannedForEncodings = 0;
			knownRegions = (
				en,
				Base,
			);
			mainGroup = D1B7F7732ACA9D3500FC913C;
			packageReferences = (
				D1B7F7932ACAA13400FC913C /* XCRemoteSwiftPackageReference "SnapKit" */,
			);
			productRefGroup = D1B7F77D2ACA9D3500FC913C /* Products */;
			projectDirPath = "";
			projectRoot = "";
			targets = (
				D1B7F77B2ACA9D3500FC913C /* UIButtonsAndSix-Shooters */,
			);
		};
/* End PBXProject section */

/* Begin PBXResourcesBuildPhase section */
		D1B7F77A2ACA9D3500FC913C /* Resources */ = {
			isa = PBXResourcesBuildPhase;
			buildActionMask = 2147483647;
			files = (
				D1B7F78C2ACA9D3600FC913C /* LaunchScreen.storyboard in Resources */,
				D1B7F7892ACA9D3600FC913C /* Assets.xcassets in Resources */,
			);
			runOnlyForDeploymentPostprocessing = 0;
		};
/* End PBXResourcesBuildPhase section */

/* Begin PBXSourcesBuildPhase section */
		D1B7F7782ACA9D3500FC913C /* Sources */ = {
			isa = PBXSourcesBuildPhase;
			buildActionMask = 2147483647;
			files = (
				D1B7F7842ACA9D3500FC913C /* ViewController.swift in Sources */,
				D1B7F7802ACA9D3500FC913C /* AppDelegate.swift in Sources */,
			);
			runOnlyForDeploymentPostprocessing = 0;
		};
/* End PBXSourcesBuildPhase section */

/* Begin PBXVariantGroup section */
		D1B7F78A2ACA9D3600FC913C /* LaunchScreen.storyboard */ = {
			isa = PBXVariantGroup;
			children = (
				D1B7F78B2ACA9D3600FC913C /* Base */,
			);
			name = LaunchScreen.storyboard;
			sourceTree = "<group>";
		};
/* End PBXVariantGroup section */

/* Begin XCBuildConfiguration section */
		D1B7F78E2ACA9D3600FC913C /* Debug */ = {
			isa = XCBuildConfiguration;
			buildSettings = {
				ALWAYS_SEARCH_USER_PATHS = NO;
				ASSETCATALOG_COMPILER_GENERATE_SWIFT_ASSET_SYMBOL_EXTENSIONS = YES;
				CLANG_ANALYZER_NONNULL = YES;
				CLANG_ANALYZER_NUMBER_OBJECT_CONVERSION = YES_AGGRESSIVE;
				CLANG_CXX_LANGUAGE_STANDARD = "gnu++20";
				CLANG_ENABLE_MODULES = YES;
				CLANG_ENABLE_OBJC_ARC = YES;
				CLANG_ENABLE_OBJC_WEAK = YES;
				CLANG_WARN_BLOCK_CAPTURE_AUTORELEASING = YES;
				CLANG_WARN_BOOL_CONVERSION = YES;
				CLANG_WARN_COMMA = YES;
				CLANG_WARN_CONSTANT_CONVERSION = YES;
				CLANG_WARN_DEPRECATED_OBJC_IMPLEMENTATIONS = YES;
				CLANG_WARN_DIRECT_OBJC_ISA_USAGE = YES_ERROR;
				CLANG_WARN_DOCUMENTATION_COMMENTS = YES;
				CLANG_WARN_EMPTY_BODY = YES;
				CLANG_WARN_ENUM_CONVERSION = YES;
				CLANG_WARN_INFINITE_RECURSION = YES;
				CLANG_WARN_INT_CONVERSION = YES;
				CLANG_WARN_NON_LITERAL_NULL_CONVERSION = YES;
				CLANG_WARN_OBJC_IMPLICIT_RETAIN_SELF = YES;
				CLANG_WARN_OBJC_LITERAL_CONVERSION = YES;
				CLANG_WARN_OBJC_ROOT_CLASS = YES_ERROR;
				CLANG_WARN_QUOTED_INCLUDE_IN_FRAMEWORK_HEADER = YES;
				CLANG_WARN_RANGE_LOOP_ANALYSIS = YES;
				CLANG_WARN_STRICT_PROTOTYPES = YES;
				CLANG_WARN_SUSPICIOUS_MOVE = YES;
				CLANG_WARN_UNGUARDED_AVAILABILITY = YES_AGGRESSIVE;
				CLANG_WARN_UNREACHABLE_CODE = YES;
				CLANG_WARN__DUPLICATE_METHOD_MATCH = YES;
				COPY_PHASE_STRIP = NO;
				DEBUG_INFORMATION_FORMAT = dwarf;
				ENABLE_STRICT_OBJC_MSGSEND = YES;
				ENABLE_TESTABILITY = YES;
				ENABLE_USER_SCRIPT_SANDBOXING = YES;
				GCC_C_LANGUAGE_STANDARD = gnu17;
				GCC_DYNAMIC_NO_PIC = NO;
				GCC_NO_COMMON_BLOCKS = YES;
				GCC_OPTIMIZATION_LEVEL = 0;
				GCC_PREPROCESSOR_DEFINITIONS = (
					"DEBUG=1",
					"$(inherited)",
				);
				GCC_WARN_64_TO_32_BIT_CONVERSION = YES;
				GCC_WARN_ABOUT_RETURN_TYPE = YES_ERROR;
				GCC_WARN_UNDECLARED_SELECTOR = YES;
				GCC_WARN_UNINITIALIZED_AUTOS = YES_AGGRESSIVE;
				GCC_WARN_UNUSED_FUNCTION = YES;
				GCC_WARN_UNUSED_VARIABLE = YES;
				IPHONEOS_DEPLOYMENT_TARGET = 17.0;
				LOCALIZATION_PREFERS_STRING_CATALOGS = YES;
				MTL_ENABLE_DEBUG_INFO = INCLUDE_SOURCE;
				MTL_FAST_MATH = YES;
				ONLY_ACTIVE_ARCH = YES;
				SDKROOT = iphoneos;
				SWIFT_ACTIVE_COMPILATION_CONDITIONS = "DEBUG $(inherited)";
				SWIFT_OPTIMIZATION_LEVEL = "-Onone";
			};
			name = Debug;
		};
		D1B7F78F2ACA9D3600FC913C /* Release */ = {
			isa = XCBuildConfiguration;
			buildSettings = {
				ALWAYS_SEARCH_USER_PATHS = NO;
				ASSETCATALOG_COMPILER_GENERATE_SWIFT_ASSET_SYMBOL_EXTENSIONS = YES;
				CLANG_ANALYZER_NONNULL = YES;
				CLANG_ANALYZER_NUMBER_OBJECT_CONVERSION = YES_AGGRESSIVE;
				CLANG_CXX_LANGUAGE_STANDARD = "gnu++20";
				CLANG_ENABLE_MODULES = YES;
				CLANG_ENABLE_OBJC_ARC = YES;
				CLANG_ENABLE_OBJC_WEAK = YES;
				CLANG_WARN_BLOCK_CAPTURE_AUTORELEASING = YES;
				CLANG_WARN_BOOL_CONVERSION = YES;
				CLANG_WARN_COMMA = YES;
				CLANG_WARN_CONSTANT_CONVERSION = YES;
				CLANG_WARN_DEPRECATED_OBJC_IMPLEMENTATIONS = YES;
				CLANG_WARN_DIRECT_OBJC_ISA_USAGE = YES_ERROR;
				CLANG_WARN_DOCUMENTATION_COMMENTS = YES;
				CLANG_WARN_EMPTY_BODY = YES;
				CLANG_WARN_ENUM_CONVERSION = YES;
				CLANG_WARN_INFINITE_RECURSION = YES;
				CLANG_WARN_INT_CONVERSION = YES;
				CLANG_WARN_NON_LITERAL_NULL_CONVERSION = YES;
				CLANG_WARN_OBJC_IMPLICIT_RETAIN_SELF = YES;
				CLANG_WARN_OBJC_LITERAL_CONVERSION = YES;
				CLANG_WARN_OBJC_ROOT_CLASS = YES_ERROR;
				CLANG_WARN_QUOTED_INCLUDE_IN_FRAMEWORK_HEADER = YES;
				CLANG_WARN_RANGE_LOOP_ANALYSIS = YES;
				CLANG_WARN_STRICT_PROTOTYPES = YES;
				CLANG_WARN_SUSPICIOUS_MOVE = YES;
				CLANG_WARN_UNGUARDED_AVAILABILITY = YES_AGGRESSIVE;
				CLANG_WARN_UNREACHABLE_CODE = YES;
				CLANG_WARN__DUPLICATE_METHOD_MATCH = YES;
				COPY_PHASE_STRIP = NO;
				DEBUG_INFORMATION_FORMAT = "dwarf-with-dsym";
				ENABLE_NS_ASSERTIONS = NO;
				ENABLE_STRICT_OBJC_MSGSEND = YES;
				ENABLE_USER_SCRIPT_SANDBOXING = YES;
				GCC_C_LANGUAGE_STANDARD = gnu17;
				GCC_NO_COMMON_BLOCKS = YES;
				GCC_WARN_64_TO_32_BIT_CONVERSION = YES;
				GCC_WARN_ABOUT_RETURN_TYPE = YES_ERROR;
				GCC_WARN_UNDECLARED_SELECTOR = YES;
				GCC_WARN_UNINITIALIZED_AUTOS = YES_AGGRESSIVE;
				GCC_WARN_UNUSED_FUNCTION = YES;
				GCC_WARN_UNUSED_VARIABLE = YES;
				IPHONEOS_DEPLOYMENT_TARGET = 17.0;
				LOCALIZATION_PREFERS_STRING_CATALOGS = YES;
				MTL_ENABLE_DEBUG_INFO = NO;
				MTL_FAST_MATH = YES;
				SDKROOT = iphoneos;
				SWIFT_COMPILATION_MODE = wholemodule;
				VALIDATE_PRODUCT = YES;
			};
			name = Release;
		};
		D1B7F7912ACA9D3600FC913C /* Debug */ = {
			isa = XCBuildConfiguration;
			buildSettings = {
				ASSETCATALOG_COMPILER_APPICON_NAME = AppIcon;
				ASSETCATALOG_COMPILER_GLOBAL_ACCENT_COLOR_NAME = AccentColor;
				CODE_SIGN_STYLE = Automatic;
				CURRENT_PROJECT_VERSION = 1;
				DEVELOPMENT_TEAM = H75YPV3Z3N;
				GENERATE_INFOPLIST_FILE = YES;
				INFOPLIST_FILE = "UIButtonsAndSix-Shooters/Info.plist";
				INFOPLIST_KEY_UIApplicationSupportsIndirectInputEvents = YES;
				INFOPLIST_KEY_UILaunchStoryboardName = LaunchScreen;
				INFOPLIST_KEY_UISupportedInterfaceOrientations_iPad = "UIInterfaceOrientationPortrait UIInterfaceOrientationPortraitUpsideDown UIInterfaceOrientationLandscapeLeft UIInterfaceOrientationLandscapeRight";
				INFOPLIST_KEY_UISupportedInterfaceOrientations_iPhone = "UIInterfaceOrientationPortrait UIInterfaceOrientationLandscapeLeft UIInterfaceOrientationLandscapeRight";
				LD_RUNPATH_SEARCH_PATHS = (
					"$(inherited)",
					"@executable_path/Frameworks",
				);
				MARKETING_VERSION = 1.0;
				PRODUCT_BUNDLE_IDENTIFIER = "CVS.UIButtonsAndSix-Shooters";
				PRODUCT_NAME = "$(TARGET_NAME)";
				SWIFT_EMIT_LOC_STRINGS = YES;
				SWIFT_VERSION = 5.0;
				TARGETED_DEVICE_FAMILY = "1,2";
			};
			name = Debug;
		};
		D1B7F7922ACA9D3600FC913C /* Release */ = {
			isa = XCBuildConfiguration;
			buildSettings = {
				ASSETCATALOG_COMPILER_APPICON_NAME = AppIcon;
				ASSETCATALOG_COMPILER_GLOBAL_ACCENT_COLOR_NAME = AccentColor;
				CODE_SIGN_STYLE = Automatic;
				CURRENT_PROJECT_VERSION = 1;
				DEVELOPMENT_TEAM = H75YPV3Z3N;
				GENERATE_INFOPLIST_FILE = YES;
				INFOPLIST_FILE = "UIButtonsAndSix-Shooters/Info.plist";
				INFOPLIST_KEY_UIApplicationSupportsIndirectInputEvents = YES;
				INFOPLIST_KEY_UILaunchStoryboardName = LaunchScreen;
				INFOPLIST_KEY_UISupportedInterfaceOrientations_iPad = "UIInterfaceOrientationPortrait UIInterfaceOrientationPortraitUpsideDown UIInterfaceOrientationLandscapeLeft UIInterfaceOrientationLandscapeRight";
				INFOPLIST_KEY_UISupportedInterfaceOrientations_iPhone = "UIInterfaceOrientationPortrait UIInterfaceOrientationLandscapeLeft UIInterfaceOrientationLandscapeRight";
				LD_RUNPATH_SEARCH_PATHS = (
					"$(inherited)",
					"@executable_path/Frameworks",
				);
				MARKETING_VERSION = 1.0;
				PRODUCT_BUNDLE_IDENTIFIER = "CVS.UIButtonsAndSix-Shooters";
				PRODUCT_NAME = "$(TARGET_NAME)";
				SWIFT_EMIT_LOC_STRINGS = YES;
				SWIFT_VERSION = 5.0;
				TARGETED_DEVICE_FAMILY = "1,2";
			};
			name = Release;
		};
/* End XCBuildConfiguration section */

/* Begin XCConfigurationList section */
		D1B7F7772ACA9D3500FC913C /* Build configuration list for PBXProject "UIButtonsAndSix-Shooters" */ = {
			isa = XCConfigurationList;
			buildConfigurations = (
				D1B7F78E2ACA9D3600FC913C /* Debug */,
				D1B7F78F2ACA9D3600FC913C /* Release */,
			);
			defaultConfigurationIsVisible = 0;
			defaultConfigurationName = Release;
		};
		D1B7F7902ACA9D3600FC913C /* Build configuration list for PBXNativeTarget "UIButtonsAndSix-Shooters" */ = {
			isa = XCConfigurationList;
			buildConfigurations = (
				D1B7F7912ACA9D3600FC913C /* Debug */,
				D1B7F7922ACA9D3600FC913C /* Release */,
			);
			defaultConfigurationIsVisible = 0;
			defaultConfigurationName = Release;
		};
/* End XCConfigurationList section */

/* Begin XCRemoteSwiftPackageReference section */
		D1B7F7932ACAA13400FC913C /* XCRemoteSwiftPackageReference "SnapKit" */ = {
			isa = XCRemoteSwiftPackageReference;
			repositoryURL = "https://github.com/SnapKit/SnapKit.git";
			requirement = {
				kind = upToNextMajorVersion;
				minimumVersion = 5.6.0;
			};
		};
/* End XCRemoteSwiftPackageReference section */

/* Begin XCSwiftPackageProductDependency section */
		D1B7F7942ACAA13400FC913C /* SnapKit */ = {
			isa = XCSwiftPackageProductDependency;
			package = D1B7F7932ACAA13400FC913C /* XCRemoteSwiftPackageReference "SnapKit" */;
			productName = SnapKit;
		};
		D1B7F7962ACAA13400FC913C /* SnapKit-Dynamic */ = {
			isa = XCSwiftPackageProductDependency;
			package = D1B7F7932ACAA13400FC913C /* XCRemoteSwiftPackageReference "SnapKit" */;
			productName = "SnapKit-Dynamic";
		};
/* End XCSwiftPackageProductDependency section */
	};
	rootObject = D1B7F7742ACA9D3500FC913C /* Project object */;
}
